
Microsoft Visual Studio Solution File, Format Version 10.00
# Visual Studio 2008
Project("{E24C65DC-7377-472B-9ABA-BC803B73C61A}") = "GameAssignment", ".", "{45410087-C0D0-4F63-A30F-EA4ADA14DF35}"
	ProjectSection(WebsiteProperties) = preProject
		TargetFramework = "3.5"
		Debug.AspNetCompiler.VirtualPath = "/GameAssignment"
		Debug.AspNetCompiler.PhysicalPath = "E:\niyamat\GameAssignment\"
		Debug.AspNetCompiler.TargetPath = "PrecompiledWeb\GameAssignment\"
		Debug.AspNetCompiler.Updateable = "true"
		Debug.AspNetCompiler.ForceOverwrite = "true"
		Debug.AspNetCompiler.FixedNames = "false"
		Debug.AspNetCompiler.Debug = "True"
		Release.AspNetCompiler.VirtualPath = "/GameAssignment"
		Release.AspNetCompiler.PhysicalPath = "E:\niyamat\GameAssignment\"
		Release.AspNetCompiler.TargetPath = "PrecompiledWeb\GameAssignment\"
		Release.AspNetCompiler.Updateable = "true"
		Release.AspNetCompiler.ForceOverwrite = "true"
		Release.AspNetCompiler.FixedNames = "false"
		Release.AspNetCompiler.Debug = "False"
		VWDPort = "50726"
	EndProjectSection
EndProject
Global
	GlobalSection(SolutionConfigurationPlatforms) = preSolution
		Debug|.NET = Debug|.NET
	EndGlobalSection
	GlobalSection(ProjectConfigurationPlatforms) = postSolution
		{45410087-C0D0-4F63-A30F-EA4ADA14DF35}.Debug|.NET.ActiveCfg = Debug|.NET
		{45410087-C0D0-4F63-A30F-EA4ADA14DF35}.Debug|.NET.Build.0 = Debug|.NET
	EndGlobalSection
	GlobalSection(SolutionProperties) = preSolution
		HideSolutionNode = FALSE
	EndGlobalSection
EndGlobal
